
Microsoft Visual Studio Solution File, Format Version 12.00
# Visual Studio Version 17
VisualStudioVersion = 17.14.36414.22 d17.14
MinimumVisualStudioVersion = 10.0.40219.1
Project("{FAE04EC0-301F-11D3-BF4B-00C04F79EFBC}") = "portfoliotemp", "portfoliotemp\portfoliotemp.csproj", "{E4250B28-F010-4910-8B29-F9E51023941F}"
EndProject
Global
	GlobalSection(SolutionConfigurationPlatforms) = preSolution
		Debug|Any CPU = Debug|Any CPU
		Release|Any CPU = Release|Any CPU
	EndGlobalSection
	GlobalSection(ProjectConfigurationPlatforms) = postSolution
		{E4250B28-F010-4910-8B29-F9E51023941F}.Debug|Any CPU.ActiveCfg = Debug|Any CPU
		{E4250B28-F010-4910-8B29-F9E51023941F}.Debug|Any CPU.Build.0 = Debug|Any CPU
		{E4250B28-F010-4910-8B29-F9E51023941F}.Release|Any CPU.ActiveCfg = Release|Any CPU
		{E4250B28-F010-4910-8B29-F9E51023941F}.Release|Any CPU.Build.0 = Release|Any CPU
	EndGlobalSection
	GlobalSection(SolutionProperties) = preSolution
		HideSolutionNode = FALSE
	EndGlobalSection
	GlobalSection(ExtensibilityGlobals) = postSolution
		SolutionGuid = {0088BC5A-7E7D-4527-953E-45B4DD6A1968}
	EndGlobalSection
EndGlobal
